{
  "name": "truyen-chu",
  "lockfileVersion": 3,
  "requires": true,
  "packages": {
    "": {
      "name": "truyen-chu",
      "workspaces": [
        "apps/api-gateway",
        "apps/content-service",
        "packages/contracts"
      ],
      "engines": {
        "node": ">=20 <21"
      }
    }
  }
}
